// !$*UTF8*$!
{
	archiveVersion = 1;
	classes = {
	};
	objectVersion = 50;
	objects = {

/* Begin PBXBuildFile section */
		98C8DDCD226EF173008135AD /* AppDelegate.m in Sources */ = {isa = PBXBuildFile; fileRef = 98C8DDCC226EF173008135AD /* AppDelegate.m */; };
		98C8DDD0226EF173008135AD /* ViewController.m in Sources */ = {isa = PBXBuildFile; fileRef = 98C8DDCF226EF173008135AD /* ViewController.m */; };
		98C8DDD3226EF173008135AD /* Main.storyboard in Resources */ = {isa = PBXBuildFile; fileRef = 98C8DDD1226EF173008135AD /* Main.storyboard */; };
		98C8DDD5226EF174008135AD /* Assets.xcassets in Resources */ = {isa = PBXBuildFile; fileRef = 98C8DDD4226EF174008135AD /* Assets.xcassets */; };
		98C8DDD8226EF174008135AD /* LaunchScreen.storyboard in Resources */ = {isa = PBXBuildFile; fileRef = 98C8DDD6226EF174008135AD /* LaunchScreen.storyboard */; };
		98C8DDDB226EF174008135AD /* main.m in Sources */ = {isa = PBXBuildFile; fileRef = 98C8DDDA226EF174008135AD /* main.m */; };
		98C8DDE5226EF174008135AD /* HYProjectTests.m in Sources */ = {isa = PBXBuildFile; fileRef = 98C8DDE4226EF174008135AD /* HYProjectTests.m */; };
		98C8DDF0226EF174008135AD /* HYProjectUITests.m in Sources */ = {isa = PBXBuildFile; fileRef = 98C8DDEF226EF174008135AD /* HYProjectUITests.m */; };
		98C8DE00226EFFD5008135AD /* AViewController.m in Sources */ = {isa = PBXBuildFile; fileRef = 98C8DDFF226EFFD5008135AD /* AViewController.m */; };
/* End PBXBuildFile section */

/* Begin PBXContainerItemProxy section */
		98C8DDE1226EF174008135AD /* PBXContainerItemProxy */ = {
			isa = PBXContainerItemProxy;
			containerPortal = 98C8DDC0226EF173008135AD /* Project object */;
			proxyType = 1;
			remoteGlobalIDString = 98C8DDC7226EF173008135AD;
			remoteInfo = HYProject;
		};
		98C8DDEC226EF174008135AD /* PBXContainerItemProxy */ = {
			isa = PBXContainerItemProxy;
			containerPortal = 98C8DDC0226EF173008135AD /* Project object */;
			proxyType = 1;
			remoteGlobalIDString = 98C8DDC7226EF173008135AD;
			remoteInfo = HYProject;
		};
/* End PBXContainerItemProxy section */

/* Begin PBXFileReference section */
		98C8DDC8226EF173008135AD /* HYProject.app */ = {isa = PBXFileReference; explicitFileType = wrapper.application; includeInIndex = 0; path = HYProject.app; sourceTree = BUILT_PRODUCTS_DIR; };
		98C8DDCB226EF173008135AD /* AppDelegate.h */ = {isa = PBXFileReference; lastKnownFileType = sourcecode.c.h; path = AppDelegate.h; sourceTree = "<group>"; };
		98C8DDCC226EF173008135AD /* AppDelegate.m */ = {isa = PBXFileReference; lastKnownFileType = sourcecode.c.objc; path = AppDelegate.m; sourceTree = "<group>"; };
		98C8DDCE226EF173008135AD /* ViewController.h */ = {isa = PBXFileReference; lastKnownFileType = sourcecode.c.h; path = ViewController.h; sourceTree = "<group>"; };
		98C8DDCF226EF173008135AD /* ViewController.m */ = {isa = PBXFileReference; lastKnownFileType = sourcecode.c.objc; path = ViewController.m; sourceTree = "<group>"; };
		98C8DDD2226EF173008135AD /* Base */ = {isa = PBXFileReference; lastKnownFileType = file.storyboard; name = Base; path = Base.lproj/Main.storyboard; sourceTree = "<group>"; };
		98C8DDD4226EF174008135AD /* Assets.xcassets */ = {isa = PBXFileReference; lastKnownFileType = folder.assetcatalog; path = Assets.xcassets; sourceTree = "<group>"; };
		98C8DDD7226EF174008135AD /* Base */ = {isa = PBXFileReference; lastKnownFileType = file.storyboard; name = Base; path = Base.lproj/LaunchScreen.storyboard; sourceTree = "<group>"; };
		98C8DDD9226EF174008135AD /* Info.plist */ = {isa = PBXFileReference; lastKnownFileType = text.plist.xml; path = Info.plist; sourceTree = "<group>"; };
		98C8DDDA226EF174008135AD /* main.m */ = {isa = PBXFileReference; lastKnownFileType = sourcecode.c.objc; path = main.m; sourceTree = "<group>"; };
		98C8DDE0226EF174008135AD /* HYProjectTests.xctest */ = {isa = PBXFileReference; explicitFileType = wrapper.cfbundle; includeInIndex = 0; path = HYProjectTests.xctest; sourceTree = BUILT_PRODUCTS_DIR; };
		98C8DDE4226EF174008135AD /* HYProjectTests.m */ = {isa = PBXFileReference; lastKnownFileType = sourcecode.c.objc; path = HYProjectTests.m; sourceTree = "<group>"; };
		98C8DDE6226EF174008135AD /* Info.plist */ = {isa = PBXFileReference; lastKnownFileType = text.plist.xml; path = Info.plist; sourceTree = "<group>"; };
		98C8DDEB226EF174008135AD /* HYProjectUITests.xctest */ = {isa = PBXFileReference; explicitFileType = wrapper.cfbundle; includeInIndex = 0; path = HYProjectUITests.xctest; sourceTree = BUILT_PRODUCTS_DIR; };
		98C8DDEF226EF174008135AD /* HYProjectUITests.m */ = {isa = PBXFileReference; lastKnownFileType = sourcecode.c.objc; path = HYProjectUITests.m; sourceTree = "<group>"; };
		98C8DDF1226EF174008135AD /* Info.plist */ = {isa = PBXFileReference; lastKnownFileType = text.plist.xml; path = Info.plist; sourceTree = "<group>"; };
		98C8DDFE226EFFD5008135AD /* AViewController.h */ = {isa = PBXFileReference; lastKnownFileType = sourcecode.c.h; path = AViewController.h; sourceTree = "<group>"; };
		98C8DDFF226EFFD5008135AD /* AViewController.m */ = {isa = PBXFileReference; lastKnownFileType = sourcecode.c.objc; path = AViewController.m; sourceTree = "<group>"; };
/* End PBXFileReference section */

/* Begin PBXFrameworksBuildPhase section */
		98C8DDC5226EF173008135AD /* Frameworks */ = {
			isa = PBXFrameworksBuildPhase;
			buildActionMask = 2147483647;
			files = (
			);
			runOnlyForDeploymentPostprocessing = 0;
		};
		98C8DDDD226EF174008135AD /* Frameworks */ = {
			isa = PBXFrameworksBuildPhase;
			buildActionMask = 2147483647;
			files = (
			);
			runOnlyForDeploymentPostprocessing = 0;
		};
		98C8DDE8226EF174008135AD /* Frameworks */ = {
			isa = PBXFrameworksBuildPhase;
			buildActionMask = 2147483647;
			files = (
			);
			runOnlyForDeploymentPostprocessing = 0;
		};
/* End PBXFrameworksBuildPhase section */

/* Begin PBXGroup section */
		98C8DDBF226EF173008135AD = {
			isa = PBXGroup;
			children = (
				98C8DDCA226EF173008135AD /* HYProject */,
				98C8DDE3226EF174008135AD /* HYProjectTests */,
				98C8DDEE226EF174008135AD /* HYProjectUITests */,
				98C8DDC9226EF173008135AD /* Products */,
			);
			sourceTree = "<group>";
		};
		98C8DDC9226EF173008135AD /* Products */ = {
			isa = PBXGroup;
			children = (
				98C8DDC8226EF173008135AD /* HYProject.app */,
				98C8DDE0226EF174008135AD /* HYProjectTests.xctest */,
				98C8DDEB226EF174008135AD /* HYProjectUITests.xctest */,
			);
			name = Products;
			sourceTree = "<group>";
		};
		98C8DDCA226EF173008135AD /* HYProject */ = {
			isa = PBXGroup;
			children = (
				98C8DDCB226EF173008135AD /* AppDelegate.h */,
				98C8DDCC226EF173008135AD /* AppDelegate.m */,
				98C8DDFD226EFFB6008135AD /* Classes */,
				98C8DDCE226EF173008135AD /* ViewController.h */,
				98C8DDCF226EF173008135AD /* ViewController.m */,
				98C8DDD1226EF173008135AD /* Main.storyboard */,
				98C8DDD4226EF174008135AD /* Assets.xcassets */,
				98C8DDD6226EF174008135AD /* LaunchScreen.storyboard */,
				98C8DDD9226EF174008135AD /* Info.plist */,
				98C8DDDA226EF174008135AD /* main.m */,
			);
			path = HYProject;
			sourceTree = "<group>";
		};
		98C8DDE3226EF174008135AD /* HYProjectTests */ = {
			isa = PBXGroup;
			children = (
				98C8DDE4226EF174008135AD /* HYProjectTests.m */,
				98C8DDE6226EF174008135AD /* Info.plist */,
			);
			path = HYProjectTests;
			sourceTree = "<group>";
		};
		98C8DDEE226EF174008135AD /* HYProjectUITests */ = {
			isa = PBXGroup;
			children = (
				98C8DDEF226EF174008135AD /* HYProjectUITests.m */,
				98C8DDF1226EF174008135AD /* Info.plist */,
			);
			path = HYProjectUITests;
			sourceTree = "<group>";
		};
		98C8DDFD226EFFB6008135AD /* Classes */ = {
			isa = PBXGroup;
			children = (
				98C8DDFE226EFFD5008135AD /* AViewController.h */,
				98C8DDFF226EFFD5008135AD /* AViewController.m */,
			);
			path = Classes;
			sourceTree = "<group>";
		};
/* End PBXGroup section */

/* Begin PBXNativeTarget section */
		98C8DDC7226EF173008135AD /* HYProject */ = {
			isa = PBXNativeTarget;
			buildConfigurationList = 98C8DDF4226EF174008135AD /* Build configuration list for PBXNativeTarget "HYProject" */;
			buildPhases = (
				98C8DDC4226EF173008135AD /* Sources */,
				98C8DDC5226EF173008135AD /* Frameworks */,
				98C8DDC6226EF173008135AD /* Resources */,
			);
			buildRules = (
			);
			dependencies = (
			);
			name = HYProject;
			productName = HYProject;
			productReference = 98C8DDC8226EF173008135AD /* HYProject.app */;
			productType = "com.apple.product-type.application";
		};
		98C8DDDF226EF174008135AD /* HYProjectTests */ = {
			isa = PBXNativeTarget;
			buildConfigurationList = 98C8DDF7226EF174008135AD /* Build configuration list for PBXNativeTarget "HYProjectTests" */;
			buildPhases = (
				98C8DDDC226EF174008135AD /* Sources */,
				98C8DDDD226EF174008135AD /* Frameworks */,
				98C8DDDE226EF174008135AD /* Resources */,
			);
			buildRules = (
			);
			dependencies = (
				98C8DDE2226EF174008135AD /* PBXTargetDependency */,
			);
			name = HYProjectTests;
			productName = HYProjectTests;
			productReference = 98C8DDE0226EF174008135AD /* HYProjectTests.xctest */;
			productType = "com.apple.product-type.bundle.unit-test";
		};
		98C8DDEA226EF174008135AD /* HYProjectUITests */ = {
			isa = PBXNativeTarget;
			buildConfigurationList = 98C8DDFA226EF174008135AD /* Build configuration list for PBXNativeTarget "HYProjectUITests" */;
			buildPhases = (
				98C8DDE7226EF174008135AD /* Sources */,
				98C8DDE8226EF174008135AD /* Frameworks */,
				98C8DDE9226EF174008135AD /* Resources */,
			);
			buildRules = (
			);
			dependencies = (
				98C8DDED226EF174008135AD /* PBXTargetDependency */,
			);
			name = HYProjectUITests;
			productName = HYProjectUITests;
			productReference = 98C8DDEB226EF174008135AD /* HYProjectUITests.xctest */;
			productType = "com.apple.product-type.bundle.ui-testing";
		};
/* End PBXNativeTarget section */

/* Begin PBXProject section */
		98C8DDC0226EF173008135AD /* Project object */ = {
			isa = PBXProject;
			attributes = {
				LastUpgradeCheck = 0940;
				ORGANIZATIONNAME = "SIBU Group";
				TargetAttributes = {
					98C8DDC7226EF173008135AD = {
						CreatedOnToolsVersion = 9.4;
					};
					98C8DDDF226EF174008135AD = {
						CreatedOnToolsVersion = 9.4;
						TestTargetID = 98C8DDC7226EF173008135AD;
					};
					98C8DDEA226EF174008135AD = {
						CreatedOnToolsVersion = 9.4;
						TestTargetID = 98C8DDC7226EF173008135AD;
					};
				};
			};
			buildConfigurationList = 98C8DDC3226EF173008135AD /* Build configuration list for PBXProject "HYProject" */;
			compatibilityVersion = "Xcode 9.3";
			developmentRegion = en;
			hasScannedForEncodings = 0;
			knownRegions = (
				en,
				Base,
			);
			mainGroup = 98C8DDBF226EF173008135AD;
			productRefGroup = 98C8DDC9226EF173008135AD /* Products */;
			projectDirPath = "";
			projectRoot = "";
			targets = (
				98C8DDC7226EF173008135AD /* HYProject */,
				98C8DDDF226EF174008135AD /* HYProjectTests */,
				98C8DDEA226EF174008135AD /* HYProjectUITests */,
			);
		};
/* End PBXProject section */

/* Begin PBXResourcesBuildPhase section */
		98C8DDC6226EF173008135AD /* Resources */ = {
			isa = PBXResourcesBuildPhase;
			buildActionMask = 2147483647;
			files = (
				98C8DDD8226EF174008135AD /* LaunchScreen.storyboard in Resources */,
				98C8DDD5226EF174008135AD /* Assets.xcassets in Resources */,
				98C8DDD3226EF173008135AD /* Main.storyboard in Resources */,
			);
			runOnlyForDeploymentPostprocessing = 0;
		};
		98C8DDDE226EF174008135AD /* Resources */ = {
			isa = PBXResourcesBuildPhase;
			buildActionMask = 2147483647;
			files = (
			);
			runOnlyForDeploymentPostprocessing = 0;
		};
		98C8DDE9226EF174008135AD /* Resources */ = {
			isa = PBXResourcesBuildPhase;
			buildActionMask = 2147483647;
			files = (
			);
			runOnlyForDeploymentPostprocessing = 0;
		};
/* End PBXResourcesBuildPhase section */

/* Begin PBXSourcesBuildPhase section */
		98C8DDC4226EF173008135AD /* Sources */ = {
			isa = PBXSourcesBuildPhase;
			buildActionMask = 2147483647;
			files = (
				98C8DE00226EFFD5008135AD /* AViewController.m in Sources */,
				98C8DDD0226EF173008135AD /* ViewController.m in Sources */,
				98C8DDDB226EF174008135AD /* main.m in Sources */,
				98C8DDCD226EF173008135AD /* AppDelegate.m in Sources */,
			);
			runOnlyForDeploymentPostprocessing = 0;
		};
		98C8DDDC226EF174008135AD /* Sources */ = {
			isa = PBXSourcesBuildPhase;
			buildActionMask = 2147483647;
			files = (
				98C8DDE5226EF174008135AD /* HYProjectTests.m in Sources */,
			);
			runOnlyForDeploymentPostprocessing = 0;
		};
		98C8DDE7226EF174008135AD /* Sources */ = {
			isa = PBXSourcesBuildPhase;
			buildActionMask = 2147483647;
			files = (
				98C8DDF0226EF174008135AD /* HYProjectUITests.m in Sources */,
			);
			runOnlyForDeploymentPostprocessing = 0;
		};
/* End PBXSourcesBuildPhase section */

/* Begin PBXTargetDependency section */
		98C8DDE2226EF174008135AD /* PBXTargetDependency */ = {
			isa = PBXTargetDependency;
			target = 98C8DDC7226EF173008135AD /* HYProject */;
			targetProxy = 98C8DDE1226EF174008135AD /* PBXContainerItemProxy */;
		};
		98C8DDED226EF174008135AD /* PBXTargetDependency */ = {
			isa = PBXTargetDependency;
			target = 98C8DDC7226EF173008135AD /* HYProject */;
			targetProxy = 98C8DDEC226EF174008135AD /* PBXContainerItemProxy */;
		};
/* End PBXTargetDependency section */

/* Begin PBXVariantGroup section */
		98C8DDD1226EF173008135AD /* Main.storyboard */ = {
			isa = PBXVariantGroup;
			children = (
				98C8DDD2226EF173008135AD /* Base */,
			);
			name = Main.storyboard;
			sourceTree = "<group>";
		};
		98C8DDD6226EF174008135AD /* LaunchScreen.storyboard */ = {
			isa = PBXVariantGroup;
			children = (
				98C8DDD7226EF174008135AD /* Base */,
			);
			name = LaunchScreen.storyboard;
			sourceTree = "<group>";
		};
/* End PBXVariantGroup section */

/* Begin XCBuildConfiguration section */
		98C8DDF2226EF174008135AD /* Debug */ = {
			isa = XCBuildConfiguration;
			buildSettings = {
				ALWAYS_SEARCH_USER_PATHS = NO;
				CLANG_ANALYZER_NONNULL = YES;
				CLANG_ANALYZER_NUMBER_OBJECT_CONVERSION = YES_AGGRESSIVE;
				CLANG_CXX_LANGUAGE_STANDARD = "gnu++14";
				CLANG_CXX_LIBRARY = "libc++";
				CLANG_ENABLE_MODULES = YES;
				CLANG_ENABLE_OBJC_ARC = YES;
				CLANG_ENABLE_OBJC_WEAK = YES;
				CLANG_WARN_BLOCK_CAPTURE_AUTORELEASING = YES;
				CLANG_WARN_BOOL_CONVERSION = YES;
				CLANG_WARN_COMMA = YES;
				CLANG_WARN_CONSTANT_CONVERSION = YES;
				CLANG_WARN_DEPRECATED_OBJC_IMPLEMENTATIONS = YES;
				CLANG_WARN_DIRECT_OBJC_ISA_USAGE = YES_ERROR;
				CLANG_WARN_DOCUMENTATION_COMMENTS = YES;
				CLANG_WARN_EMPTY_BODY = YES;
				CLANG_WARN_ENUM_CONVERSION = YES;
				CLANG_WARN_INFINITE_RECURSION = YES;
				CLANG_WARN_INT_CONVERSION = YES;
				CLANG_WARN_NON_LITERAL_NULL_CONVERSION = YES;
				CLANG_WARN_OBJC_IMPLICIT_RETAIN_SELF = YES;
				CLANG_WARN_OBJC_LITERAL_CONVERSION = YES;
				CLANG_WARN_OBJC_ROOT_CLASS = YES_ERROR;
				CLANG_WARN_RANGE_LOOP_ANALYSIS = YES;
				CLANG_WARN_STRICT_PROTOTYPES = YES;
				CLANG_WARN_SUSPICIOUS_MOVE = YES;
				CLANG_WARN_UNGUARDED_AVAILABILITY = YES_AGGRESSIVE;
				CLANG_WARN_UNREACHABLE_CODE = YES;
				CLANG_WARN__DUPLICATE_METHOD_MATCH = YES;
				CODE_SIGN_IDENTITY = "iPhone Developer";
				COPY_PHASE_STRIP = NO;
				DEBUG_INFORMATION_FORMAT = dwarf;
				ENABLE_STRICT_OBJC_MSGSEND = YES;
				ENABLE_TESTABILITY = YES;
				GCC_C_LANGUAGE_STANDARD = gnu11;
				GCC_DYNAMIC_NO_PIC = NO;
				GCC_NO_COMMON_BLOCKS = YES;
				GCC_OPTIMIZATION_LEVEL = 0;
				GCC_PREPROCESSOR_DEFINITIONS = (
					"DEBUG=1",
					"$(inherited)",
				);
				GCC_WARN_64_TO_32_BIT_CONVERSION = YES;
				GCC_WARN_ABOUT_RETURN_TYPE = YES_ERROR;
				GCC_WARN_UNDECLARED_SELECTOR = YES;
				GCC_WARN_UNINITIALIZED_AUTOS = YES_AGGRESSIVE;
				GCC_WARN_UNUSED_FUNCTION = YES;
				GCC_WARN_UNUSED_VARIABLE = YES;
				IPHONEOS_DEPLOYMENT_TARGET = 11.4;
				MTL_ENABLE_DEBUG_INFO = YES;
				ONLY_ACTIVE_ARCH = YES;
				SDKROOT = iphoneos;
			};
			name = Debug;
		};
		98C8DDF3226EF174008135AD /* Release */ = {
			isa = XCBuildConfiguration;
			buildSettings = {
				ALWAYS_SEARCH_USER_PATHS = NO;
				CLANG_ANALYZER_NONNULL = YES;
				CLANG_ANALYZER_NUMBER_OBJECT_CONVERSION = YES_AGGRESSIVE;
				CLANG_CXX_LANGUAGE_STANDARD = "gnu++14";
				CLANG_CXX_LIBRARY = "libc++";
				CLANG_ENABLE_MODULES = YES;
				CLANG_ENABLE_OBJC_ARC = YES;
				CLANG_ENABLE_OBJC_WEAK = YES;
				CLANG_WARN_BLOCK_CAPTURE_AUTORELEASING = YES;
				CLANG_WARN_BOOL_CONVERSION = YES;
				CLANG_WARN_COMMA = YES;
				CLANG_WARN_CONSTANT_CONVERSION = YES;
				CLANG_WARN_DEPRECATED_OBJC_IMPLEMENTATIONS = YES;
				CLANG_WARN_DIRECT_OBJC_ISA_USAGE = YES_ERROR;
				CLANG_WARN_DOCUMENTATION_COMMENTS = YES;
				CLANG_WARN_EMPTY_BODY = YES;
				CLANG_WARN_ENUM_CONVERSION = YES;
				CLANG_WARN_INFINITE_RECURSION = YES;
				CLANG_WARN_INT_CONVERSION = YES;
				CLANG_WARN_NON_LITERAL_NULL_CONVERSION = YES;
				CLANG_WARN_OBJC_IMPLICIT_RETAIN_SELF = YES;
				CLANG_WARN_OBJC_LITERAL_CONVERSION = YES;
				CLANG_WARN_OBJC_ROOT_CLASS = YES_ERROR;
				CLANG_WARN_RANGE_LOOP_ANALYSIS = YES;
				CLANG_WARN_STRICT_PROTOTYPES = YES;
				CLANG_WARN_SUSPICIOUS_MOVE = YES;
				CLANG_WARN_UNGUARDED_AVAILABILITY = YES_AGGRESSIVE;
				CLANG_WARN_UNREACHABLE_CODE = YES;
				CLANG_WARN__DUPLICATE_METHOD_MATCH = YES;
				CODE_SIGN_IDENTITY = "iPhone Developer";
				COPY_PHASE_STRIP = NO;
				DEBUG_INFORMATION_FORMAT = "dwarf-with-dsym";
				ENABLE_NS_ASSERTIONS = NO;
				ENABLE_STRICT_OBJC_MSGSEND = YES;
				GCC_C_LANGUAGE_STANDARD = gnu11;
				GCC_NO_COMMON_BLOCKS = YES;
				GCC_WARN_64_TO_32_BIT_CONVERSION = YES;
				GCC_WARN_ABOUT_RETURN_TYPE = YES_ERROR;
				GCC_WARN_UNDECLARED_SELECTOR = YES;
				GCC_WARN_UNINITIALIZED_AUTOS = YES_AGGRESSIVE;
				GCC_WARN_UNUSED_FUNCTION = YES;
				GCC_WARN_UNUSED_VARIABLE = YES;
				IPHONEOS_DEPLOYMENT_TARGET = 11.4;
				MTL_ENABLE_DEBUG_INFO = NO;
				SDKROOT = iphoneos;
				VALIDATE_PRODUCT = YES;
			};
			name = Release;
		};
		98C8DDF5226EF174008135AD /* Debug */ = {
			isa = XCBuildConfiguration;
			buildSettings = {
				ASSETCATALOG_COMPILER_APPICON_NAME = AppIcon;
				CODE_SIGN_STYLE = Automatic;
				DEVELOPMENT_TEAM = D5JHUB559V;
				INFOPLIST_FILE = HYProject/Info.plist;
				LD_RUNPATH_SEARCH_PATHS = (
					"$(inherited)",
					"@executable_path/Frameworks",
				);
				PRODUCT_BUNDLE_IDENTIFIER = com.sibu.HYProject;
				PRODUCT_NAME = "$(TARGET_NAME)";
				TARGETED_DEVICE_FAMILY = "1,2";
			};
			name = Debug;
		};
		98C8DDF6226EF174008135AD /* Release */ = {
			isa = XCBuildConfiguration;
			buildSettings = {
				ASSETCATALOG_COMPILER_APPICON_NAME = AppIcon;
				CODE_SIGN_STYLE = Automatic;
				DEVELOPMENT_TEAM = D5JHUB559V;
				INFOPLIST_FILE = HYProject/Info.plist;
				LD_RUNPATH_SEARCH_PATHS = (
					"$(inherited)",
					"@executable_path/Frameworks",
				);
				PRODUCT_BUNDLE_IDENTIFIER = com.sibu.HYProject;
				PRODUCT_NAME = "$(TARGET_NAME)";
				TARGETED_DEVICE_FAMILY = "1,2";
			};
			name = Release;
		};
		98C8DDF8226EF174008135AD /* Debug */ = {
			isa = XCBuildConfiguration;
			buildSettings = {
				BUNDLE_LOADER = "$(TEST_HOST)";
				CODE_SIGN_STYLE = Automatic;
				DEVELOPMENT_TEAM = D5JHUB559V;
				INFOPLIST_FILE = HYProjectTests/Info.plist;
				LD_RUNPATH_SEARCH_PATHS = (
					"$(inherited)",
					"@executable_path/Frameworks",
					"@loader_path/Frameworks",
				);
				PRODUCT_BUNDLE_IDENTIFIER = com.sibu.HYProjectTests;
				PRODUCT_NAME = "$(TARGET_NAME)";
				TARGETED_DEVICE_FAMILY = "1,2";
				TEST_HOST = "$(BUILT_PRODUCTS_DIR)/HYProject.app/HYProject";
			};
			name = Debug;
		};
		98C8DDF9226EF174008135AD /* Release */ = {
			isa = XCBuildConfiguration;
			buildSettings = {
				BUNDLE_LOADER = "$(TEST_HOST)";
				CODE_SIGN_STYLE = Automatic;
				DEVELOPMENT_TEAM = D5JHUB559V;
				INFOPLIST_FILE = HYProjectTests/Info.plist;
				LD_RUNPATH_SEARCH_PATHS = (
					"$(inherited)",
					"@executable_path/Frameworks",
					"@loader_path/Frameworks",
				);
				PRODUCT_BUNDLE_IDENTIFIER = com.sibu.HYProjectTests;
				PRODUCT_NAME = "$(TARGET_NAME)";
				TARGETED_DEVICE_FAMILY = "1,2";
				TEST_HOST = "$(BUILT_PRODUCTS_DIR)/HYProject.app/HYProject";
			};
			name = Release;
		};
		98C8DDFB226EF174008135AD /* Debug */ = {
			isa = XCBuildConfiguration;
			buildSettings = {
				CODE_SIGN_STYLE = Automatic;
				DEVELOPMENT_TEAM = D5JHUB559V;
				INFOPLIST_FILE = HYProjectUITests/Info.plist;
				LD_RUNPATH_SEARCH_PATHS = (
					"$(inherited)",
					"@executable_path/Frameworks",
					"@loader_path/Frameworks",
				);
				PRODUCT_BUNDLE_IDENTIFIER = com.sibu.HYProjectUITests;
				PRODUCT_NAME = "$(TARGET_NAME)";
				TARGETED_DEVICE_FAMILY = "1,2";
				TEST_TARGET_NAME = HYProject;
			};
			name = Debug;
		};
		98C8DDFC226EF174008135AD /* Release */ = {
			isa = XCBuildConfiguration;
			buildSettings = {
				CODE_SIGN_STYLE = Automatic;
				DEVELOPMENT_TEAM = D5JHUB559V;
				INFOPLIST_FILE = HYProjectUITests/Info.plist;
				LD_RUNPATH_SEARCH_PATHS = (
					"$(inherited)",
					"@executable_path/Frameworks",
					"@loader_path/Frameworks",
				);
				PRODUCT_BUNDLE_IDENTIFIER = com.sibu.HYProjectUITests;
				PRODUCT_NAME = "$(TARGET_NAME)";
				TARGETED_DEVICE_FAMILY = "1,2";
				TEST_TARGET_NAME = HYProject;
			};
			name = Release;
		};
/* End XCBuildConfiguration section */

/* Begin XCConfigurationList section */
		98C8DDC3226EF173008135AD /* Build configuration list for PBXProject "HYProject" */ = {
			isa = XCConfigurationList;
			buildConfigurations = (
				98C8DDF2226EF174008135AD /* Debug */,
				98C8DDF3226EF174008135AD /* Release */,
			);
			defaultConfigurationIsVisible = 0;
			defaultConfigurationName = Release;
		};
		98C8DDF4226EF174008135AD /* Build configuration list for PBXNativeTarget "HYProject" */ = {
			isa = XCConfigurationList;
			buildConfigurations = (
				98C8DDF5226EF174008135AD /* Debug */,
				98C8DDF6226EF174008135AD /* Release */,
			);
			defaultConfigurationIsVisible = 0;
			defaultConfigurationName = Release;
		};
		98C8DDF7226EF174008135AD /* Build configuration list for PBXNativeTarget "HYProjectTests" */ = {
			isa = XCConfigurationList;
			buildConfigurations = (
				98C8DDF8226EF174008135AD /* Debug */,
				98C8DDF9226EF174008135AD /* Release */,
			);
			defaultConfigurationIsVisible = 0;
			defaultConfigurationName = Release;
		};
		98C8DDFA226EF174008135AD /* Build configuration list for PBXNativeTarget "HYProjectUITests" */ = {
			isa = XCConfigurationList;
			buildConfigurations = (
				98C8DDFB226EF174008135AD /* Debug */,
				98C8DDFC226EF174008135AD /* Release */,
			);
			defaultConfigurationIsVisible = 0;
			defaultConfigurationName = Release;
		};
/* End XCConfigurationList section */
	};
	rootObject = 98C8DDC0226EF173008135AD /* Project object */;
}
